// !$*UTF8*$!
{
	archiveVersion = 1;
	classes = {
	};
	objectVersion = 48;
	objects = {

/* Begin PBXBuildFile section */
		146A39DB1F8A834700CD48EC /* AppDelegate.swift in Sources */ = {isa = PBXBuildFile; fileRef = 146A39DA1F8A834700CD48EC /* AppDelegate.swift */; };
		146A39DD1F8A834700CD48EC /* CategoriesVC.swift in Sources */ = {isa = PBXBuildFile; fileRef = 146A39DC1F8A834700CD48EC /* CategoriesVC.swift */; };
		146A39E01F8A834700CD48EC /* Main.storyboard in Resources */ = {isa = PBXBuildFile; fileRef = 146A39DE1F8A834700CD48EC /* Main.storyboard */; };
		146A39E21F8A834800CD48EC /* Assets.xcassets in Resources */ = {isa = PBXBuildFile; fileRef = 146A39E11F8A834800CD48EC /* Assets.xcassets */; };
		146A39E51F8A834800CD48EC /* LaunchScreen.storyboard in Resources */ = {isa = PBXBuildFile; fileRef = 146A39E31F8A834800CD48EC /* LaunchScreen.storyboard */; };
		146A39F01F8B1A7100CD48EC /* CategoryCell.swift in Sources */ = {isa = PBXBuildFile; fileRef = 146A39EF1F8B1A7100CD48EC /* CategoryCell.swift */; };
		14A8B9AC1F8FCE9000FD42C8 /* ProductCell.swift in Sources */ = {isa = PBXBuildFile; fileRef = 14A8B9AB1F8FCE9000FD42C8 /* ProductCell.swift */; };
		14A8B9AE1F8FD3F000FD42C8 /* Product.swift in Sources */ = {isa = PBXBuildFile; fileRef = 14A8B9AD1F8FD3F000FD42C8 /* Product.swift */; };
		14A8B9B01F90758600FD42C8 /* ProductsVC.swift in Sources */ = {isa = PBXBuildFile; fileRef = 14A8B9AF1F90758600FD42C8 /* ProductsVC.swift */; };
		14B394EE1F8BB94300CCED1B /* Category.swift in Sources */ = {isa = PBXBuildFile; fileRef = 14B394ED1F8BB94300CCED1B /* Category.swift */; };
		14B394F11F8BC61800CCED1B /* DataService.swift in Sources */ = {isa = PBXBuildFile; fileRef = 14B394F01F8BC61800CCED1B /* DataService.swift */; };
/* End PBXBuildFile section */

/* Begin PBXFileReference section */
		146A39D71F8A834700CD48EC /* coder-swag.app */ = {isa = PBXFileReference; explicitFileType = wrapper.application; includeInIndex = 0; path = "coder-swag.app"; sourceTree = BUILT_PRODUCTS_DIR; };
		146A39DA1F8A834700CD48EC /* AppDelegate.swift */ = {isa = PBXFileReference; lastKnownFileType = sourcecode.swift; path = AppDelegate.swift; sourceTree = "<group>"; };
		146A39DC1F8A834700CD48EC /* CategoriesVC.swift */ = {isa = PBXFileReference; lastKnownFileType = sourcecode.swift; path = CategoriesVC.swift; sourceTree = "<group>"; };
		146A39DF1F8A834700CD48EC /* Base */ = {isa = PBXFileReference; lastKnownFileType = file.storyboard; name = Base; path = Base.lproj/Main.storyboard; sourceTree = "<group>"; };
		146A39E11F8A834800CD48EC /* Assets.xcassets */ = {isa = PBXFileReference; lastKnownFileType = folder.assetcatalog; path = Assets.xcassets; sourceTree = "<group>"; };
		146A39E41F8A834800CD48EC /* Base */ = {isa = PBXFileReference; lastKnownFileType = file.storyboard; name = Base; path = Base.lproj/LaunchScreen.storyboard; sourceTree = "<group>"; };
		146A39E61F8A834800CD48EC /* Info.plist */ = {isa = PBXFileReference; lastKnownFileType = text.plist.xml; path = Info.plist; sourceTree = "<group>"; };
		146A39EF1F8B1A7100CD48EC /* CategoryCell.swift */ = {isa = PBXFileReference; lastKnownFileType = sourcecode.swift; path = CategoryCell.swift; sourceTree = "<group>"; };
		14A8B9AB1F8FCE9000FD42C8 /* ProductCell.swift */ = {isa = PBXFileReference; lastKnownFileType = sourcecode.swift; path = ProductCell.swift; sourceTree = "<group>"; };
		14A8B9AD1F8FD3F000FD42C8 /* Product.swift */ = {isa = PBXFileReference; lastKnownFileType = sourcecode.swift; path = Product.swift; sourceTree = "<group>"; };
		14A8B9AF1F90758600FD42C8 /* ProductsVC.swift */ = {isa = PBXFileReference; lastKnownFileType = sourcecode.swift; path = ProductsVC.swift; sourceTree = "<group>"; };
		14B394ED1F8BB94300CCED1B /* Category.swift */ = {isa = PBXFileReference; lastKnownFileType = sourcecode.swift; path = Category.swift; sourceTree = "<group>"; };
		14B394F01F8BC61800CCED1B /* DataService.swift */ = {isa = PBXFileReference; lastKnownFileType = sourcecode.swift; path = DataService.swift; sourceTree = "<group>"; };
/* End PBXFileReference section */

/* Begin PBXFrameworksBuildPhase section */
		146A39D41F8A834700CD48EC /* Frameworks */ = {
			isa = PBXFrameworksBuildPhase;
			buildActionMask = 2147483647;
			files = (
			);
			runOnlyForDeploymentPostprocessing = 0;
		};
/* End PBXFrameworksBuildPhase section */

/* Begin PBXGroup section */
		146A39CE1F8A834700CD48EC = {
			isa = PBXGroup;
			children = (
				146A39D91F8A834700CD48EC /* coder-swag */,
				146A39D81F8A834700CD48EC /* Products */,
			);
			sourceTree = "<group>";
		};
		146A39D81F8A834700CD48EC /* Products */ = {
			isa = PBXGroup;
			children = (
				146A39D71F8A834700CD48EC /* coder-swag.app */,
			);
			name = Products;
			sourceTree = "<group>";
		};
		146A39D91F8A834700CD48EC /* coder-swag */ = {
			isa = PBXGroup;
			children = (
				14B394EF1F8BC5EF00CCED1B /* Services */,
				146A39EE1F8B197C00CD48EC /* Controller */,
				146A39ED1F8B197500CD48EC /* View */,
				146A39EC1F8B196F00CD48EC /* Model */,
				146A39DA1F8A834700CD48EC /* AppDelegate.swift */,
				146A39DE1F8A834700CD48EC /* Main.storyboard */,
				146A39E11F8A834800CD48EC /* Assets.xcassets */,
				146A39E31F8A834800CD48EC /* LaunchScreen.storyboard */,
				146A39E61F8A834800CD48EC /* Info.plist */,
			);
			path = "coder-swag";
			sourceTree = "<group>";
		};
		146A39EC1F8B196F00CD48EC /* Model */ = {
			isa = PBXGroup;
			children = (
				14B394ED1F8BB94300CCED1B /* Category.swift */,
				14A8B9AD1F8FD3F000FD42C8 /* Product.swift */,
			);
			path = Model;
			sourceTree = "<group>";
		};
		146A39ED1F8B197500CD48EC /* View */ = {
			isa = PBXGroup;
			children = (
				146A39EF1F8B1A7100CD48EC /* CategoryCell.swift */,
				14A8B9AB1F8FCE9000FD42C8 /* ProductCell.swift */,
			);
			path = View;
			sourceTree = "<group>";
		};
		146A39EE1F8B197C00CD48EC /* Controller */ = {
			isa = PBXGroup;
			children = (
				146A39DC1F8A834700CD48EC /* CategoriesVC.swift */,
				14A8B9AF1F90758600FD42C8 /* ProductsVC.swift */,
			);
			path = Controller;
			sourceTree = "<group>";
		};
		14B394EF1F8BC5EF00CCED1B /* Services */ = {
			isa = PBXGroup;
			children = (
				14B394F01F8BC61800CCED1B /* DataService.swift */,
			);
			path = Services;
			sourceTree = "<group>";
		};
/* End PBXGroup section */

/* Begin PBXNativeTarget section */
		146A39D61F8A834700CD48EC /* coder-swag */ = {
			isa = PBXNativeTarget;
			buildConfigurationList = 146A39E91F8A834800CD48EC /* Build configuration list for PBXNativeTarget "coder-swag" */;
			buildPhases = (
				146A39D31F8A834700CD48EC /* Sources */,
				146A39D41F8A834700CD48EC /* Frameworks */,
				146A39D51F8A834700CD48EC /* Resources */,
			);
			buildRules = (
			);
			dependencies = (
			);
			name = "coder-swag";
			productName = "coder-swag";
			productReference = 146A39D71F8A834700CD48EC /* coder-swag.app */;
			productType = "com.apple.product-type.application";
		};
/* End PBXNativeTarget section */

/* Begin PBXProject section */
		146A39CF1F8A834700CD48EC /* Project object */ = {
			isa = PBXProject;
			attributes = {
				LastSwiftUpdateCheck = 0900;
				LastUpgradeCheck = 0900;
				ORGANIZATIONNAME = "Isaac Rodriguez";
				TargetAttributes = {
					146A39D61F8A834700CD48EC = {
						CreatedOnToolsVersion = 9.0;
						ProvisioningStyle = Automatic;
					};
				};
			};
			buildConfigurationList = 146A39D21F8A834700CD48EC /* Build configuration list for PBXProject "coder-swag" */;
			compatibilityVersion = "Xcode 8.0";
			developmentRegion = en;
			hasScannedForEncodings = 0;
			knownRegions = (
				en,
				Base,
			);
			mainGroup = 146A39CE1F8A834700CD48EC;
			productRefGroup = 146A39D81F8A834700CD48EC /* Products */;
			projectDirPath = "";
			projectRoot = "";
			targets = (
				146A39D61F8A834700CD48EC /* coder-swag */,
			);
		};
/* End PBXProject section */

/* Begin PBXResourcesBuildPhase section */
		146A39D51F8A834700CD48EC /* Resources */ = {
			isa = PBXResourcesBuildPhase;
			buildActionMask = 2147483647;
			files = (
				146A39E51F8A834800CD48EC /* LaunchScreen.storyboard in Resources */,
				146A39E21F8A834800CD48EC /* Assets.xcassets in Resources */,
				146A39E01F8A834700CD48EC /* Main.storyboard in Resources */,
			);
			runOnlyForDeploymentPostprocessing = 0;
		};
/* End PBXResourcesBuildPhase section */

/* Begin PBXSourcesBuildPhase section */
		146A39D31F8A834700CD48EC /* Sources */ = {
			isa = PBXSourcesBuildPhase;
			buildActionMask = 2147483647;
			files = (
				146A39DD1F8A834700CD48EC /* CategoriesVC.swift in Sources */,
				146A39DB1F8A834700CD48EC /* AppDelegate.swift in Sources */,
				146A39F01F8B1A7100CD48EC /* CategoryCell.swift in Sources */,
				14A8B9AC1F8FCE9000FD42C8 /* ProductCell.swift in Sources */,
				14A8B9B01F90758600FD42C8 /* ProductsVC.swift in Sources */,
				14B394EE1F8BB94300CCED1B /* Category.swift in Sources */,
				14B394F11F8BC61800CCED1B /* DataService.swift in Sources */,
				14A8B9AE1F8FD3F000FD42C8 /* Product.swift in Sources */,
			);
			runOnlyForDeploymentPostprocessing = 0;
		};
/* End PBXSourcesBuildPhase section */

/* Begin PBXVariantGroup section */
		146A39DE1F8A834700CD48EC /* Main.storyboard */ = {
			isa = PBXVariantGroup;
			children = (
				146A39DF1F8A834700CD48EC /* Base */,
			);
			name = Main.storyboard;
			sourceTree = "<group>";
		};
		146A39E31F8A834800CD48EC /* LaunchScreen.storyboard */ = {
			isa = PBXVariantGroup;
			children = (
				146A39E41F8A834800CD48EC /* Base */,
			);
			name = LaunchScreen.storyboard;
			sourceTree = "<group>";
		};
/* End PBXVariantGroup section */

/* Begin XCBuildConfiguration section */
		146A39E71F8A834800CD48EC /* Debug */ = {
			isa = XCBuildConfiguration;
			buildSettings = {
				ALWAYS_SEARCH_USER_PATHS = NO;
				CLANG_ANALYZER_NONNULL = YES;
				CLANG_ANALYZER_NUMBER_OBJECT_CONVERSION = YES_AGGRESSIVE;
				CLANG_CXX_LANGUAGE_STANDARD = "gnu++14";
				CLANG_CXX_LIBRARY = "libc++";
				CLANG_ENABLE_MODULES = YES;
				CLANG_ENABLE_OBJC_ARC = YES;
				CLANG_WARN_BLOCK_CAPTURE_AUTORELEASING = YES;
				CLANG_WARN_BOOL_CONVERSION = YES;
				CLANG_WARN_COMMA = YES;
				CLANG_WARN_CONSTANT_CONVERSION = YES;
				CLANG_WARN_DIRECT_OBJC_ISA_USAGE = YES_ERROR;
				CLANG_WARN_DOCUMENTATION_COMMENTS = YES;
				CLANG_WARN_EMPTY_BODY = YES;
				CLANG_WARN_ENUM_CONVERSION = YES;
				CLANG_WARN_INFINITE_RECURSION = YES;
				CLANG_WARN_INT_CONVERSION = YES;
				CLANG_WARN_NON_LITERAL_NULL_CONVERSION = YES;
				CLANG_WARN_OBJC_LITERAL_CONVERSION = YES;
				CLANG_WARN_OBJC_ROOT_CLASS = YES_ERROR;
				CLANG_WARN_RANGE_LOOP_ANALYSIS = YES;
				CLANG_WARN_STRICT_PROTOTYPES = YES;
				CLANG_WARN_SUSPICIOUS_MOVE = YES;
				CLANG_WARN_UNGUARDED_AVAILABILITY = YES_AGGRESSIVE;
				CLANG_WARN_UNREACHABLE_CODE = YES;
				CLANG_WARN__DUPLICATE_METHOD_MATCH = YES;
				CODE_SIGN_IDENTITY = "iPhone Developer";
				COPY_PHASE_STRIP = NO;
				DEBUG_INFORMATION_FORMAT = dwarf;
				ENABLE_STRICT_OBJC_MSGSEND = YES;
				ENABLE_TESTABILITY = YES;
				GCC_C_LANGUAGE_STANDARD = gnu11;
				GCC_DYNAMIC_NO_PIC = NO;
				GCC_NO_COMMON_BLOCKS = YES;
				GCC_OPTIMIZATION_LEVEL = 0;
				GCC_PREPROCESSOR_DEFINITIONS = (
					"DEBUG=1",
					"$(inherited)",
				);
				GCC_WARN_64_TO_32_BIT_CONVERSION = YES;
				GCC_WARN_ABOUT_RETURN_TYPE = YES_ERROR;
				GCC_WARN_UNDECLARED_SELECTOR = YES;
				GCC_WARN_UNINITIALIZED_AUTOS = YES_AGGRESSIVE;
				GCC_WARN_UNUSED_FUNCTION = YES;
				GCC_WARN_UNUSED_VARIABLE = YES;
				IPHONEOS_DEPLOYMENT_TARGET = 11.0;
				MTL_ENABLE_DEBUG_INFO = YES;
				ONLY_ACTIVE_ARCH = YES;
				SDKROOT = iphoneos;
				SWIFT_ACTIVE_COMPILATION_CONDITIONS = DEBUG;
				SWIFT_OPTIMIZATION_LEVEL = "-Onone";
			};
			name = Debug;
		};
		146A39E81F8A834800CD48EC /* Release */ = {
			isa = XCBuildConfiguration;
			buildSettings = {
				ALWAYS_SEARCH_USER_PATHS = NO;
				CLANG_ANALYZER_NONNULL = YES;
				CLANG_ANALYZER_NUMBER_OBJECT_CONVERSION = YES_AGGRESSIVE;
				CLANG_CXX_LANGUAGE_STANDARD = "gnu++14";
				CLANG_CXX_LIBRARY = "libc++";
				CLANG_ENABLE_MODULES = YES;
				CLANG_ENABLE_OBJC_ARC = YES;
				CLANG_WARN_BLOCK_CAPTURE_AUTORELEASING = YES;
				CLANG_WARN_BOOL_CONVERSION = YES;
				CLANG_WARN_COMMA = YES;
				CLANG_WARN_CONSTANT_CONVERSION = YES;
				CLANG_WARN_DIRECT_OBJC_ISA_USAGE = YES_ERROR;
				CLANG_WARN_DOCUMENTATION_COMMENTS = YES;
				CLANG_WARN_EMPTY_BODY = YES;
				CLANG_WARN_ENUM_CONVERSION = YES;
				CLANG_WARN_INFINITE_RECURSION = YES;
				CLANG_WARN_INT_CONVERSION = YES;
				CLANG_WARN_NON_LITERAL_NULL_CONVERSION = YES;
				CLANG_WARN_OBJC_LITERAL_CONVERSION = YES;
				CLANG_WARN_OBJC_ROOT_CLASS = YES_ERROR;
				CLANG_WARN_RANGE_LOOP_ANALYSIS = YES;
				CLANG_WARN_STRICT_PROTOTYPES = YES;
				CLANG_WARN_SUSPICIOUS_MOVE = YES;
				CLANG_WARN_UNGUARDED_AVAILABILITY = YES_AGGRESSIVE;
				CLANG_WARN_UNREACHABLE_CODE = YES;
				CLANG_WARN__DUPLICATE_METHOD_MATCH = YES;
				CODE_SIGN_IDENTITY = "iPhone Developer";
				COPY_PHASE_STRIP = NO;
				DEBUG_INFORMATION_FORMAT = "dwarf-with-dsym";
				ENABLE_NS_ASSERTIONS = NO;
				ENABLE_STRICT_OBJC_MSGSEND = YES;
				GCC_C_LANGUAGE_STANDARD = gnu11;
				GCC_NO_COMMON_BLOCKS = YES;
				GCC_WARN_64_TO_32_BIT_CONVERSION = YES;
				GCC_WARN_ABOUT_RETURN_TYPE = YES_ERROR;
				GCC_WARN_UNDECLARED_SELECTOR = YES;
				GCC_WARN_UNINITIALIZED_AUTOS = YES_AGGRESSIVE;
				GCC_WARN_UNUSED_FUNCTION = YES;
				GCC_WARN_UNUSED_VARIABLE = YES;
				IPHONEOS_DEPLOYMENT_TARGET = 11.0;
				MTL_ENABLE_DEBUG_INFO = NO;
				SDKROOT = iphoneos;
				SWIFT_OPTIMIZATION_LEVEL = "-Owholemodule";
				VALIDATE_PRODUCT = YES;
			};
			name = Release;
		};
		146A39EA1F8A834800CD48EC /* Debug */ = {
			isa = XCBuildConfiguration;
			buildSettings = {
				ASSETCATALOG_COMPILER_APPICON_NAME = AppIcon;
				CODE_SIGN_STYLE = Automatic;
				DEVELOPMENT_TEAM = GF5KK69ZR2;
				INFOPLIST_FILE = "coder-swag/Info.plist";
				LD_RUNPATH_SEARCH_PATHS = "$(inherited) @executable_path/Frameworks";
				PRODUCT_BUNDLE_IDENTIFIER = "com.ellyonsoft.coder-swag";
				PRODUCT_NAME = "$(TARGET_NAME)";
				SWIFT_VERSION = 4.0;
				TARGETED_DEVICE_FAMILY = "1,2";
			};
			name = Debug;
		};
		146A39EB1F8A834800CD48EC /* Release */ = {
			isa = XCBuildConfiguration;
			buildSettings = {
				ASSETCATALOG_COMPILER_APPICON_NAME = AppIcon;
				CODE_SIGN_STYLE = Automatic;
				DEVELOPMENT_TEAM = GF5KK69ZR2;
				INFOPLIST_FILE = "coder-swag/Info.plist";
				LD_RUNPATH_SEARCH_PATHS = "$(inherited) @executable_path/Frameworks";
				PRODUCT_BUNDLE_IDENTIFIER = "com.ellyonsoft.coder-swag";
				PRODUCT_NAME = "$(TARGET_NAME)";
				SWIFT_VERSION = 4.0;
				TARGETED_DEVICE_FAMILY = "1,2";
			};
			name = Release;
		};
/* End XCBuildConfiguration section */

/* Begin XCConfigurationList section */
		146A39D21F8A834700CD48EC /* Build configuration list for PBXProject "coder-swag" */ = {
			isa = XCConfigurationList;
			buildConfigurations = (
				146A39E71F8A834800CD48EC /* Debug */,
				146A39E81F8A834800CD48EC /* Release */,
			);
			defaultConfigurationIsVisible = 0;
			defaultConfigurationName = Release;
		};
		146A39E91F8A834800CD48EC /* Build configuration list for PBXNativeTarget "coder-swag" */ = {
			isa = XCConfigurationList;
			buildConfigurations = (
				146A39EA1F8A834800CD48EC /* Debug */,
				146A39EB1F8A834800CD48EC /* Release */,
			);
			defaultConfigurationIsVisible = 0;
			defaultConfigurationName = Release;
		};
/* End XCConfigurationList section */
	};
	rootObject = 146A39CF1F8A834700CD48EC /* Project object */;
}
